
Microsoft Visual Studio Solution File, Format Version 12.00
# Visual Studio 15
VisualStudioVersion = 15.0.28307.852
MinimumVisualStudioVersion = 10.0.40219.1
Project("{FAE04EC0-301F-11D3-BF4B-00C04F79EFBC}") = "NET.W.2019.Khadasevich.13-14.03", "NET.W.2019.Khadasevich.13-14.03\NET.W.2019.Khadasevich.13-14.03.csproj", "{99F64C27-4402-4FBD-8F18-FFD450FD6B7E}"
EndProject
Project("{FAE04EC0-301F-11D3-BF4B-00C04F79EFBC}") = "NET.W.2019.Khadasevich.13-14.03test", "NET.W.2019.Khadasevich.13-14.03test\NET.W.2019.Khadasevich.13-14.03test.csproj", "{66B0F309-D87A-45B8-9D80-85EE8A504E24}"
EndProject
Global
	GlobalSection(SolutionConfigurationPlatforms) = preSolution
		Debug|Any CPU = Debug|Any CPU
		Release|Any CPU = Release|Any CPU
	EndGlobalSection
	GlobalSection(ProjectConfigurationPlatforms) = postSolution
		{99F64C27-4402-4FBD-8F18-FFD450FD6B7E}.Debug|Any CPU.ActiveCfg = Debug|Any CPU
		{99F64C27-4402-4FBD-8F18-FFD450FD6B7E}.Debug|Any CPU.Build.0 = Debug|Any CPU
		{99F64C27-4402-4FBD-8F18-FFD450FD6B7E}.Release|Any CPU.ActiveCfg = Release|Any CPU
		{99F64C27-4402-4FBD-8F18-FFD450FD6B7E}.Release|Any CPU.Build.0 = Release|Any CPU
		{66B0F309-D87A-45B8-9D80-85EE8A504E24}.Debug|Any CPU.ActiveCfg = Debug|Any CPU
		{66B0F309-D87A-45B8-9D80-85EE8A504E24}.Debug|Any CPU.Build.0 = Debug|Any CPU
		{66B0F309-D87A-45B8-9D80-85EE8A504E24}.Release|Any CPU.ActiveCfg = Release|Any CPU
		{66B0F309-D87A-45B8-9D80-85EE8A504E24}.Release|Any CPU.Build.0 = Release|Any CPU
	EndGlobalSection
	GlobalSection(SolutionProperties) = preSolution
		HideSolutionNode = FALSE
	EndGlobalSection
	GlobalSection(ExtensibilityGlobals) = postSolution
		SolutionGuid = {F67FFE9B-02F0-4235-AEFE-C4529E6089BF}
	EndGlobalSection
EndGlobal
