
Microsoft Visual Studio Solution File, Format Version 12.00
# Visual Studio 15
VisualStudioVersion = 15.0.28307.329
MinimumVisualStudioVersion = 10.0.40219.1
Project("{FAE04EC0-301F-11D3-BF4B-00C04F79EFBC}") = "02.LibraryTask4", "02.LibraryTask4\02.LibraryTask4.csproj", "{56B8A64C-D875-4660-91E2-4447CA19EE70}"
EndProject
Global
	GlobalSection(SolutionConfigurationPlatforms) = preSolution
		Debug|Any CPU = Debug|Any CPU
		Release|Any CPU = Release|Any CPU
	EndGlobalSection
	GlobalSection(ProjectConfigurationPlatforms) = postSolution
		{56B8A64C-D875-4660-91E2-4447CA19EE70}.Debug|Any CPU.ActiveCfg = Debug|Any CPU
		{56B8A64C-D875-4660-91E2-4447CA19EE70}.Debug|Any CPU.Build.0 = Debug|Any CPU
		{56B8A64C-D875-4660-91E2-4447CA19EE70}.Release|Any CPU.ActiveCfg = Release|Any CPU
		{56B8A64C-D875-4660-91E2-4447CA19EE70}.Release|Any CPU.Build.0 = Release|Any CPU
	EndGlobalSection
	GlobalSection(SolutionProperties) = preSolution
		HideSolutionNode = FALSE
	EndGlobalSection
	GlobalSection(ExtensibilityGlobals) = postSolution
		SolutionGuid = {1D05EE90-C52C-460B-9A46-52C236A72900}
	EndGlobalSection
EndGlobal
