
Microsoft Visual Studio Solution File, Format Version 12.00
# Visual Studio 15
VisualStudioVersion = 15.0.28307.329
MinimumVisualStudioVersion = 10.0.40219.1
Project("{FAE04EC0-301F-11D3-BF4B-00C04F79EFBC}") = "NET.W.2019.Khadasevich.06.01", "NET.W.2019.Khadasevich.06.01\NET.W.2019.Khadasevich.06.01.csproj", "{6D606F15-255A-45D8-9536-EB17B2351058}"
EndProject
Global
	GlobalSection(SolutionConfigurationPlatforms) = preSolution
		Debug|Any CPU = Debug|Any CPU
		Release|Any CPU = Release|Any CPU
	EndGlobalSection
	GlobalSection(ProjectConfigurationPlatforms) = postSolution
		{6D606F15-255A-45D8-9536-EB17B2351058}.Debug|Any CPU.ActiveCfg = Debug|Any CPU
		{6D606F15-255A-45D8-9536-EB17B2351058}.Debug|Any CPU.Build.0 = Debug|Any CPU
		{6D606F15-255A-45D8-9536-EB17B2351058}.Release|Any CPU.ActiveCfg = Release|Any CPU
		{6D606F15-255A-45D8-9536-EB17B2351058}.Release|Any CPU.Build.0 = Release|Any CPU
	EndGlobalSection
	GlobalSection(SolutionProperties) = preSolution
		HideSolutionNode = FALSE
	EndGlobalSection
	GlobalSection(ExtensibilityGlobals) = postSolution
		SolutionGuid = {0D07362C-1688-4CFF-867E-79ACEC0B53B3}
	EndGlobalSection
EndGlobal
