
Microsoft Visual Studio Solution File, Format Version 12.00
# Visual Studio 15
VisualStudioVersion = 15.0.28307.329
MinimumVisualStudioVersion = 10.0.40219.1
Project("{FAE04EC0-301F-11D3-BF4B-00C04F79EFBC}") = "NET.W.2019.Khadasevich.11.Task4", "NET.W.2019.Khadasevich.11.Task4\NET.W.2019.Khadasevich.11.Task4.csproj", "{7E2819FD-88B0-4499-B56F-2713BC71C06A}"
EndProject
Global
	GlobalSection(SolutionConfigurationPlatforms) = preSolution
		Debug|Any CPU = Debug|Any CPU
		Release|Any CPU = Release|Any CPU
	EndGlobalSection
	GlobalSection(ProjectConfigurationPlatforms) = postSolution
		{7E2819FD-88B0-4499-B56F-2713BC71C06A}.Debug|Any CPU.ActiveCfg = Debug|Any CPU
		{7E2819FD-88B0-4499-B56F-2713BC71C06A}.Debug|Any CPU.Build.0 = Debug|Any CPU
		{7E2819FD-88B0-4499-B56F-2713BC71C06A}.Release|Any CPU.ActiveCfg = Release|Any CPU
		{7E2819FD-88B0-4499-B56F-2713BC71C06A}.Release|Any CPU.Build.0 = Release|Any CPU
	EndGlobalSection
	GlobalSection(SolutionProperties) = preSolution
		HideSolutionNode = FALSE
	EndGlobalSection
	GlobalSection(ExtensibilityGlobals) = postSolution
		SolutionGuid = {14DCAA5D-21A9-4741-A2CB-E4C0D09AAAA2}
	EndGlobalSection
EndGlobal
