
Microsoft Visual Studio Solution File, Format Version 12.00
# Visual Studio 15
VisualStudioVersion = 15.0.28307.329
MinimumVisualStudioVersion = 10.0.40219.1
Project("{FAE04EC0-301F-11D3-BF4B-00C04F79EFBC}") = "NET.W.2019.Khadasevich.20", "NET.W.2019.Khadasevich.20\NET.W.2019.Khadasevich.20.csproj", "{FB80558D-8967-482C-BB7C-1D91F6DE5775}"
EndProject
Global
	GlobalSection(SolutionConfigurationPlatforms) = preSolution
		Debug|Any CPU = Debug|Any CPU
		Release|Any CPU = Release|Any CPU
	EndGlobalSection
	GlobalSection(ProjectConfigurationPlatforms) = postSolution
		{FB80558D-8967-482C-BB7C-1D91F6DE5775}.Debug|Any CPU.ActiveCfg = Debug|Any CPU
		{FB80558D-8967-482C-BB7C-1D91F6DE5775}.Debug|Any CPU.Build.0 = Debug|Any CPU
		{FB80558D-8967-482C-BB7C-1D91F6DE5775}.Release|Any CPU.ActiveCfg = Release|Any CPU
		{FB80558D-8967-482C-BB7C-1D91F6DE5775}.Release|Any CPU.Build.0 = Release|Any CPU
	EndGlobalSection
	GlobalSection(SolutionProperties) = preSolution
		HideSolutionNode = FALSE
	EndGlobalSection
	GlobalSection(ExtensibilityGlobals) = postSolution
		SolutionGuid = {FC81C6AC-0E24-400A-A9A3-796BA04633C8}
	EndGlobalSection
EndGlobal
