
Microsoft Visual Studio Solution File, Format Version 12.00
# Visual Studio 15
VisualStudioVersion = 15.0.28307.329
MinimumVisualStudioVersion = 10.0.40219.1
Project("{FAE04EC0-301F-11D3-BF4B-00C04F79EFBC}") = "NET.W.2019.Khadasevich.24.01", "NET.W.2019.Khadasevich.24.01\NET.W.2019.Khadasevich.24.01.csproj", "{DC0DAA1F-E6A5-4532-B44C-03D0C6E0E3C7}"
EndProject
Global
	GlobalSection(SolutionConfigurationPlatforms) = preSolution
		Debug|Any CPU = Debug|Any CPU
		Release|Any CPU = Release|Any CPU
	EndGlobalSection
	GlobalSection(ProjectConfigurationPlatforms) = postSolution
		{DC0DAA1F-E6A5-4532-B44C-03D0C6E0E3C7}.Debug|Any CPU.ActiveCfg = Debug|Any CPU
		{DC0DAA1F-E6A5-4532-B44C-03D0C6E0E3C7}.Debug|Any CPU.Build.0 = Debug|Any CPU
		{DC0DAA1F-E6A5-4532-B44C-03D0C6E0E3C7}.Release|Any CPU.ActiveCfg = Release|Any CPU
		{DC0DAA1F-E6A5-4532-B44C-03D0C6E0E3C7}.Release|Any CPU.Build.0 = Release|Any CPU
	EndGlobalSection
	GlobalSection(SolutionProperties) = preSolution
		HideSolutionNode = FALSE
	EndGlobalSection
	GlobalSection(ExtensibilityGlobals) = postSolution
		SolutionGuid = {28372D85-5FBC-4309-BB50-AC62F9514C87}
	EndGlobalSection
EndGlobal
