
Microsoft Visual Studio Solution File, Format Version 12.00
# Visual Studio 15
VisualStudioVersion = 15.0.28307.329
MinimumVisualStudioVersion = 10.0.40219.1
Project("{FAE04EC0-301F-11D3-BF4B-00C04F79EFBC}") = "NET.W.2019.Khadasevich.02.Tests", "NET.W.2019.Khadasevich.02.Tests\NET.W.2019.Khadasevich.02.Tests.csproj", "{5FD36E38-C45C-494F-9614-391DB9318F17}"
EndProject
Global
	GlobalSection(SolutionConfigurationPlatforms) = preSolution
		Debug|Any CPU = Debug|Any CPU
		Release|Any CPU = Release|Any CPU
	EndGlobalSection
	GlobalSection(ProjectConfigurationPlatforms) = postSolution
		{5FD36E38-C45C-494F-9614-391DB9318F17}.Debug|Any CPU.ActiveCfg = Debug|Any CPU
		{5FD36E38-C45C-494F-9614-391DB9318F17}.Debug|Any CPU.Build.0 = Debug|Any CPU
		{5FD36E38-C45C-494F-9614-391DB9318F17}.Release|Any CPU.ActiveCfg = Release|Any CPU
		{5FD36E38-C45C-494F-9614-391DB9318F17}.Release|Any CPU.Build.0 = Release|Any CPU
	EndGlobalSection
	GlobalSection(SolutionProperties) = preSolution
		HideSolutionNode = FALSE
	EndGlobalSection
	GlobalSection(ExtensibilityGlobals) = postSolution
		SolutionGuid = {A797FE67-4664-4BCE-82BD-A16E76B9A4EC}
	EndGlobalSection
EndGlobal
